
Microsoft Visual Studio Solution File, Format Version 12.00
# Visual Studio Version 17
VisualStudioVersion = 17.1.32228.430
MinimumVisualStudioVersion = 10.0.40219.1
Project("{9A19103F-16F7-4668-BE54-9A1E7A4F7556}") = "WpfApp1", "WpfApp1.csproj", "{46BE6E35-B5C3-4529-891A-E60BAC6056AB}"
EndProject
Project("{FAE04EC0-301F-11D3-BF4B-00C04F79EFBC}") = "ConsoleApp7", "..\ConsoleApp7\ConsoleApp7.csproj", "{B422D3B9-ABBB-4F5C-B0B6-7C666FB8501E}"
EndProject
Project("{FAE04EC0-301F-11D3-BF4B-00C04F79EFBC}") = "DPI", "..\DPI\DPI.csproj", "{E8A2472C-040E-44EA-962D-9F217D0CE6A7}"
EndProject
Project("{FAE04EC0-301F-11D3-BF4B-00C04F79EFBC}") = "ConsoleApp8", "..\ConsoleApp8\ConsoleApp8.csproj", "{A65A6862-CE2C-4BBB-A6B5-999BFEBB9800}"
EndProject
Project("{9A19103F-16F7-4668-BE54-9A1E7A4F7556}") = "DnfLogin", "..\DnfLogin\DnfLogin.csproj", "{60AE3CA8-171E-4AFC-8C8B-6C24F056AFD4}"
EndProject
Project("{FAE04EC0-301F-11D3-BF4B-00C04F79EFBC}") = "liste", "..\liste\liste.csproj", "{00B4FC24-97B0-4C3E-8AE2-961764D0C0D1}"
EndProject
Global
	GlobalSection(SolutionConfigurationPlatforms) = preSolution
		Debug|Any CPU = Debug|Any CPU
		Release|Any CPU = Release|Any CPU
	EndGlobalSection
	GlobalSection(ProjectConfigurationPlatforms) = postSolution
		{46BE6E35-B5C3-4529-891A-E60BAC6056AB}.Debug|Any CPU.ActiveCfg = Debug|Any CPU
		{46BE6E35-B5C3-4529-891A-E60BAC6056AB}.Debug|Any CPU.Build.0 = Debug|Any CPU
		{46BE6E35-B5C3-4529-891A-E60BAC6056AB}.Release|Any CPU.ActiveCfg = Release|Any CPU
		{46BE6E35-B5C3-4529-891A-E60BAC6056AB}.Release|Any CPU.Build.0 = Release|Any CPU
		{B422D3B9-ABBB-4F5C-B0B6-7C666FB8501E}.Debug|Any CPU.ActiveCfg = Debug|Any CPU
		{B422D3B9-ABBB-4F5C-B0B6-7C666FB8501E}.Debug|Any CPU.Build.0 = Debug|Any CPU
		{B422D3B9-ABBB-4F5C-B0B6-7C666FB8501E}.Release|Any CPU.ActiveCfg = Release|Any CPU
		{B422D3B9-ABBB-4F5C-B0B6-7C666FB8501E}.Release|Any CPU.Build.0 = Release|Any CPU
		{E8A2472C-040E-44EA-962D-9F217D0CE6A7}.Debug|Any CPU.ActiveCfg = Debug|Any CPU
		{E8A2472C-040E-44EA-962D-9F217D0CE6A7}.Debug|Any CPU.Build.0 = Debug|Any CPU
		{E8A2472C-040E-44EA-962D-9F217D0CE6A7}.Release|Any CPU.ActiveCfg = Release|Any CPU
		{E8A2472C-040E-44EA-962D-9F217D0CE6A7}.Release|Any CPU.Build.0 = Release|Any CPU
		{A65A6862-CE2C-4BBB-A6B5-999BFEBB9800}.Debug|Any CPU.ActiveCfg = Debug|Any CPU
		{A65A6862-CE2C-4BBB-A6B5-999BFEBB9800}.Debug|Any CPU.Build.0 = Debug|Any CPU
		{A65A6862-CE2C-4BBB-A6B5-999BFEBB9800}.Release|Any CPU.ActiveCfg = Release|Any CPU
		{A65A6862-CE2C-4BBB-A6B5-999BFEBB9800}.Release|Any CPU.Build.0 = Release|Any CPU
		{60AE3CA8-171E-4AFC-8C8B-6C24F056AFD4}.Debug|Any CPU.ActiveCfg = Debug|Any CPU
		{60AE3CA8-171E-4AFC-8C8B-6C24F056AFD4}.Debug|Any CPU.Build.0 = Debug|Any CPU
		{60AE3CA8-171E-4AFC-8C8B-6C24F056AFD4}.Release|Any CPU.ActiveCfg = Release|Any CPU
		{60AE3CA8-171E-4AFC-8C8B-6C24F056AFD4}.Release|Any CPU.Build.0 = Release|Any CPU
		{00B4FC24-97B0-4C3E-8AE2-961764D0C0D1}.Debug|Any CPU.ActiveCfg = Debug|Any CPU
		{00B4FC24-97B0-4C3E-8AE2-961764D0C0D1}.Debug|Any CPU.Build.0 = Debug|Any CPU
		{00B4FC24-97B0-4C3E-8AE2-961764D0C0D1}.Release|Any CPU.ActiveCfg = Release|Any CPU
		{00B4FC24-97B0-4C3E-8AE2-961764D0C0D1}.Release|Any CPU.Build.0 = Release|Any CPU
	EndGlobalSection
	GlobalSection(SolutionProperties) = preSolution
		HideSolutionNode = FALSE
	EndGlobalSection
	GlobalSection(ExtensibilityGlobals) = postSolution
		SolutionGuid = {B4D42D81-6E22-496F-9EE7-E9F0037A90AC}
	EndGlobalSection
EndGlobal
